
Microsoft Visual Studio Solution File, Format Version 12.00
# Visual Studio Version 17
VisualStudioVersion = 17.12.35514.174
MinimumVisualStudioVersion = 10.0.40219.1
Project("{FAE04EC0-301F-11D3-BF4B-00C04F79EFBC}") = "OneBot", "OneBot.Core\OneBot.csproj", "{89922E0F-C656-4B86-8263-C96785C74E79}"
EndProject
Project("{FAE04EC0-301F-11D3-BF4B-00C04F79EFBC}") = "OneBot.Tg", "OneBot.Telegram\OneBot.Tg.csproj", "{AEAEB524-B91A-46AE-AA66-7135508D1A80}"
EndProject
Project("{FAE04EC0-301F-11D3-BF4B-00C04F79EFBC}") = "OneBots.Demo", "OneBots.Demo\OneBots.Demo.csproj", "{2520427E-189A-4814-8031-F72E35A80B5D}"
EndProject
Project("{FAE04EC0-301F-11D3-BF4B-00C04F79EFBC}") = "OneBot.SpamBroker", "OneBot.SpamBroker\OneBot.SpamBroker.csproj", "{C28F018B-9949-4A7E-A627-2A55235F50FD}"
EndProject
Project("{FAE04EC0-301F-11D3-BF4B-00C04F79EFBC}") = "OneBot.EfUserDb", "OneBot.EfUserDb\OneBot.EfUserDb.csproj", "{8BB3C2FC-B98E-43A4-87E9-BD9C56609C83}"
EndProject
Global
	GlobalSection(SolutionConfigurationPlatforms) = preSolution
		Debug|Any CPU = Debug|Any CPU
		Debug|x64 = Debug|x64
		Debug|x86 = Debug|x86
		Release|Any CPU = Release|Any CPU
		Release|x64 = Release|x64
		Release|x86 = Release|x86
	EndGlobalSection
	GlobalSection(ProjectConfigurationPlatforms) = postSolution
		{89922E0F-C656-4B86-8263-C96785C74E79}.Debug|Any CPU.ActiveCfg = Debug|Any CPU
		{89922E0F-C656-4B86-8263-C96785C74E79}.Debug|Any CPU.Build.0 = Debug|Any CPU
		{89922E0F-C656-4B86-8263-C96785C74E79}.Debug|x64.ActiveCfg = Debug|Any CPU
		{89922E0F-C656-4B86-8263-C96785C74E79}.Debug|x64.Build.0 = Debug|Any CPU
		{89922E0F-C656-4B86-8263-C96785C74E79}.Debug|x86.ActiveCfg = Debug|Any CPU
		{89922E0F-C656-4B86-8263-C96785C74E79}.Debug|x86.Build.0 = Debug|Any CPU
		{89922E0F-C656-4B86-8263-C96785C74E79}.Release|Any CPU.ActiveCfg = Release|Any CPU
		{89922E0F-C656-4B86-8263-C96785C74E79}.Release|Any CPU.Build.0 = Release|Any CPU
		{89922E0F-C656-4B86-8263-C96785C74E79}.Release|x64.ActiveCfg = Release|Any CPU
		{89922E0F-C656-4B86-8263-C96785C74E79}.Release|x64.Build.0 = Release|Any CPU
		{89922E0F-C656-4B86-8263-C96785C74E79}.Release|x86.ActiveCfg = Release|Any CPU
		{89922E0F-C656-4B86-8263-C96785C74E79}.Release|x86.Build.0 = Release|Any CPU
		{AEAEB524-B91A-46AE-AA66-7135508D1A80}.Debug|Any CPU.ActiveCfg = Debug|Any CPU
		{AEAEB524-B91A-46AE-AA66-7135508D1A80}.Debug|Any CPU.Build.0 = Debug|Any CPU
		{AEAEB524-B91A-46AE-AA66-7135508D1A80}.Debug|x64.ActiveCfg = Debug|Any CPU
		{AEAEB524-B91A-46AE-AA66-7135508D1A80}.Debug|x64.Build.0 = Debug|Any CPU
		{AEAEB524-B91A-46AE-AA66-7135508D1A80}.Debug|x86.ActiveCfg = Debug|Any CPU
		{AEAEB524-B91A-46AE-AA66-7135508D1A80}.Debug|x86.Build.0 = Debug|Any CPU
		{AEAEB524-B91A-46AE-AA66-7135508D1A80}.Release|Any CPU.ActiveCfg = Release|Any CPU
		{AEAEB524-B91A-46AE-AA66-7135508D1A80}.Release|Any CPU.Build.0 = Release|Any CPU
		{AEAEB524-B91A-46AE-AA66-7135508D1A80}.Release|x64.ActiveCfg = Release|Any CPU
		{AEAEB524-B91A-46AE-AA66-7135508D1A80}.Release|x64.Build.0 = Release|Any CPU
		{AEAEB524-B91A-46AE-AA66-7135508D1A80}.Release|x86.ActiveCfg = Release|Any CPU
		{AEAEB524-B91A-46AE-AA66-7135508D1A80}.Release|x86.Build.0 = Release|Any CPU
		{2520427E-189A-4814-8031-F72E35A80B5D}.Debug|Any CPU.ActiveCfg = Debug|Any CPU
		{2520427E-189A-4814-8031-F72E35A80B5D}.Debug|Any CPU.Build.0 = Debug|Any CPU
		{2520427E-189A-4814-8031-F72E35A80B5D}.Debug|x64.ActiveCfg = Debug|Any CPU
		{2520427E-189A-4814-8031-F72E35A80B5D}.Debug|x64.Build.0 = Debug|Any CPU
		{2520427E-189A-4814-8031-F72E35A80B5D}.Debug|x86.ActiveCfg = Debug|Any CPU
		{2520427E-189A-4814-8031-F72E35A80B5D}.Debug|x86.Build.0 = Debug|Any CPU
		{2520427E-189A-4814-8031-F72E35A80B5D}.Release|Any CPU.ActiveCfg = Release|Any CPU
		{2520427E-189A-4814-8031-F72E35A80B5D}.Release|Any CPU.Build.0 = Release|Any CPU
		{2520427E-189A-4814-8031-F72E35A80B5D}.Release|x64.ActiveCfg = Release|Any CPU
		{2520427E-189A-4814-8031-F72E35A80B5D}.Release|x64.Build.0 = Release|Any CPU
		{2520427E-189A-4814-8031-F72E35A80B5D}.Release|x86.ActiveCfg = Release|Any CPU
		{2520427E-189A-4814-8031-F72E35A80B5D}.Release|x86.Build.0 = Release|Any CPU
		{C28F018B-9949-4A7E-A627-2A55235F50FD}.Debug|Any CPU.ActiveCfg = Debug|Any CPU
		{C28F018B-9949-4A7E-A627-2A55235F50FD}.Debug|Any CPU.Build.0 = Debug|Any CPU
		{C28F018B-9949-4A7E-A627-2A55235F50FD}.Debug|x64.ActiveCfg = Debug|Any CPU
		{C28F018B-9949-4A7E-A627-2A55235F50FD}.Debug|x64.Build.0 = Debug|Any CPU
		{C28F018B-9949-4A7E-A627-2A55235F50FD}.Debug|x86.ActiveCfg = Debug|Any CPU
		{C28F018B-9949-4A7E-A627-2A55235F50FD}.Debug|x86.Build.0 = Debug|Any CPU
		{C28F018B-9949-4A7E-A627-2A55235F50FD}.Release|Any CPU.ActiveCfg = Release|Any CPU
		{C28F018B-9949-4A7E-A627-2A55235F50FD}.Release|Any CPU.Build.0 = Release|Any CPU
		{C28F018B-9949-4A7E-A627-2A55235F50FD}.Release|x64.ActiveCfg = Release|Any CPU
		{C28F018B-9949-4A7E-A627-2A55235F50FD}.Release|x64.Build.0 = Release|Any CPU
		{C28F018B-9949-4A7E-A627-2A55235F50FD}.Release|x86.ActiveCfg = Release|Any CPU
		{C28F018B-9949-4A7E-A627-2A55235F50FD}.Release|x86.Build.0 = Release|Any CPU
		{8BB3C2FC-B98E-43A4-87E9-BD9C56609C83}.Debug|Any CPU.ActiveCfg = Debug|Any CPU
		{8BB3C2FC-B98E-43A4-87E9-BD9C56609C83}.Debug|Any CPU.Build.0 = Debug|Any CPU
		{8BB3C2FC-B98E-43A4-87E9-BD9C56609C83}.Debug|x64.ActiveCfg = Debug|Any CPU
		{8BB3C2FC-B98E-43A4-87E9-BD9C56609C83}.Debug|x64.Build.0 = Debug|Any CPU
		{8BB3C2FC-B98E-43A4-87E9-BD9C56609C83}.Debug|x86.ActiveCfg = Debug|Any CPU
		{8BB3C2FC-B98E-43A4-87E9-BD9C56609C83}.Debug|x86.Build.0 = Debug|Any CPU
		{8BB3C2FC-B98E-43A4-87E9-BD9C56609C83}.Release|Any CPU.ActiveCfg = Release|Any CPU
		{8BB3C2FC-B98E-43A4-87E9-BD9C56609C83}.Release|Any CPU.Build.0 = Release|Any CPU
		{8BB3C2FC-B98E-43A4-87E9-BD9C56609C83}.Release|x64.ActiveCfg = Release|Any CPU
		{8BB3C2FC-B98E-43A4-87E9-BD9C56609C83}.Release|x64.Build.0 = Release|Any CPU
		{8BB3C2FC-B98E-43A4-87E9-BD9C56609C83}.Release|x86.ActiveCfg = Release|Any CPU
		{8BB3C2FC-B98E-43A4-87E9-BD9C56609C83}.Release|x86.Build.0 = Release|Any CPU
	EndGlobalSection
	GlobalSection(SolutionProperties) = preSolution
		HideSolutionNode = FALSE
	EndGlobalSection
EndGlobal
